
Microsoft Visual Studio Solution File, Format Version 12.00
# Visual Studio Version 17
VisualStudioVersion = 17.3.32804.467
MinimumVisualStudioVersion = 10.0.40219.1
Project("{FAE04EC0-301F-11D3-BF4B-00C04F79EFBC}") = "ConsoleApp4", "ConsoleApp4\ConsoleApp4.csproj", "{D20DF9CF-2301-454F-931A-BC4813BF6A9E}"
EndProject
Global
	GlobalSection(SolutionConfigurationPlatforms) = preSolution
		Debug|Any CPU = Debug|Any CPU
		Release|Any CPU = Release|Any CPU
	EndGlobalSection
	GlobalSection(ProjectConfigurationPlatforms) = postSolution
		{D20DF9CF-2301-454F-931A-BC4813BF6A9E}.Debug|Any CPU.ActiveCfg = Debug|Any CPU
		{D20DF9CF-2301-454F-931A-BC4813BF6A9E}.Debug|Any CPU.Build.0 = Debug|Any CPU
		{D20DF9CF-2301-454F-931A-BC4813BF6A9E}.Release|Any CPU.ActiveCfg = Release|Any CPU
		{D20DF9CF-2301-454F-931A-BC4813BF6A9E}.Release|Any CPU.Build.0 = Release|Any CPU
	EndGlobalSection
	GlobalSection(SolutionProperties) = preSolution
		HideSolutionNode = FALSE
	EndGlobalSection
	GlobalSection(ExtensibilityGlobals) = postSolution
		SolutionGuid = {0CD6A5A4-91E6-419B-98D8-9028F735ECAF}
	EndGlobalSection
EndGlobal
